
Microsoft Visual Studio Solution File, Format Version 12.00
# Visual Studio 15
VisualStudioVersion = 15.0.26228.29
MinimumVisualStudioVersion = 10.0.40219.1
Project("{FAE04EC0-301F-11D3-BF4B-00C04F79EFBC}") = "ESI", "ShiftFinal\ESI.csproj", "{A7C9E846-43F1-4ECE-8333-F34EE38A1948}"
EndProject
Project("{FAE04EC0-301F-11D3-BF4B-00C04F79EFBC}") = "ShiftFinal.Tests", "ShiftFinal.Tests\ShiftFinal.Tests.csproj", "{EB7D9795-69E4-4AB7-8ECF-BDEF05A33A6E}"
EndProject
Global
	GlobalSection(SolutionConfigurationPlatforms) = preSolution
		Debug|Any CPU = Debug|Any CPU
		Release|Any CPU = Release|Any CPU
	EndGlobalSection
	GlobalSection(ProjectConfigurationPlatforms) = postSolution
		{A7C9E846-43F1-4ECE-8333-F34EE38A1948}.Debug|Any CPU.ActiveCfg = Debug|Any CPU
		{A7C9E846-43F1-4ECE-8333-F34EE38A1948}.Debug|Any CPU.Build.0 = Debug|Any CPU
		{A7C9E846-43F1-4ECE-8333-F34EE38A1948}.Release|Any CPU.ActiveCfg = Release|Any CPU
		{A7C9E846-43F1-4ECE-8333-F34EE38A1948}.Release|Any CPU.Build.0 = Release|Any CPU
		{EB7D9795-69E4-4AB7-8ECF-BDEF05A33A6E}.Debug|Any CPU.ActiveCfg = Debug|Any CPU
		{EB7D9795-69E4-4AB7-8ECF-BDEF05A33A6E}.Debug|Any CPU.Build.0 = Debug|Any CPU
		{EB7D9795-69E4-4AB7-8ECF-BDEF05A33A6E}.Release|Any CPU.ActiveCfg = Release|Any CPU
		{EB7D9795-69E4-4AB7-8ECF-BDEF05A33A6E}.Release|Any CPU.Build.0 = Release|Any CPU
	EndGlobalSection
	GlobalSection(SolutionProperties) = preSolution
		HideSolutionNode = FALSE
	EndGlobalSection
	GlobalSection(ExtensibilityGlobals) = postSolution
		SolutionGuid = {0202FADB-6A75-4236-AA24-ECD3FBA9EE4E}
	EndGlobalSection
EndGlobal
